
Microsoft Visual Studio Solution File, Format Version 12.00
# Visual Studio Version 17
VisualStudioVersion = 17.7.34031.279
MinimumVisualStudioVersion = 10.0.40219.1
Project("{FAE04EC0-301F-11D3-BF4B-00C04F79EFBC}") = "DiscoTest", "DiscoTest\DiscoTest.csproj", "{6E686BC4-2337-4D8D-B243-C4C95C8D6CAC}"
EndProject
Global
	GlobalSection(SolutionConfigurationPlatforms) = preSolution
		Debug|Any CPU = Debug|Any CPU
		Release|Any CPU = Release|Any CPU
	EndGlobalSection
	GlobalSection(ProjectConfigurationPlatforms) = postSolution
		{6E686BC4-2337-4D8D-B243-C4C95C8D6CAC}.Debug|Any CPU.ActiveCfg = Debug|Any CPU
		{6E686BC4-2337-4D8D-B243-C4C95C8D6CAC}.Debug|Any CPU.Build.0 = Debug|Any CPU
		{6E686BC4-2337-4D8D-B243-C4C95C8D6CAC}.Release|Any CPU.ActiveCfg = Release|Any CPU
		{6E686BC4-2337-4D8D-B243-C4C95C8D6CAC}.Release|Any CPU.Build.0 = Release|Any CPU
	EndGlobalSection
	GlobalSection(SolutionProperties) = preSolution
		HideSolutionNode = FALSE
	EndGlobalSection
	GlobalSection(ExtensibilityGlobals) = postSolution
		SolutionGuid = {1FC19FD1-4527-4832-93C6-5E0C46895089}
	EndGlobalSection
EndGlobal
